
Microsoft Visual Studio Solution File, Format Version 12.00
# Visual Studio Version 16
VisualStudioVersion = 16.0.30803.129
MinimumVisualStudioVersion = 10.0.40219.1
Project("{9A19103F-16F7-4668-BE54-9A1E7A4F7556}") = "RegexSourceGenerator_2", "RegexSourceGenerator_2.csproj", "{84030EA7-8E90-48AC-BFF2-266FCCB5B098}"
EndProject
Project("{9A19103F-16F7-4668-BE54-9A1E7A4F7556}") = "RegexSourceGeneratorApp_2", "RegexSourceGeneratorApp_2\RegexSourceGeneratorApp_2.csproj", "{1B59F9CB-DDAC-4AA7-8E21-6AA98F8547AA}"
EndProject
Global
	GlobalSection(SolutionConfigurationPlatforms) = preSolution
		Debug|Any CPU = Debug|Any CPU
		Release|Any CPU = Release|Any CPU
	EndGlobalSection
	GlobalSection(ProjectConfigurationPlatforms) = postSolution
		{84030EA7-8E90-48AC-BFF2-266FCCB5B098}.Debug|Any CPU.ActiveCfg = Debug|Any CPU
		{84030EA7-8E90-48AC-BFF2-266FCCB5B098}.Debug|Any CPU.Build.0 = Debug|Any CPU
		{84030EA7-8E90-48AC-BFF2-266FCCB5B098}.Release|Any CPU.ActiveCfg = Release|Any CPU
		{84030EA7-8E90-48AC-BFF2-266FCCB5B098}.Release|Any CPU.Build.0 = Release|Any CPU
		{1B59F9CB-DDAC-4AA7-8E21-6AA98F8547AA}.Debug|Any CPU.ActiveCfg = Debug|Any CPU
		{1B59F9CB-DDAC-4AA7-8E21-6AA98F8547AA}.Debug|Any CPU.Build.0 = Debug|Any CPU
		{1B59F9CB-DDAC-4AA7-8E21-6AA98F8547AA}.Release|Any CPU.ActiveCfg = Release|Any CPU
		{1B59F9CB-DDAC-4AA7-8E21-6AA98F8547AA}.Release|Any CPU.Build.0 = Release|Any CPU
	EndGlobalSection
	GlobalSection(SolutionProperties) = preSolution
		HideSolutionNode = FALSE
	EndGlobalSection
	GlobalSection(ExtensibilityGlobals) = postSolution
		SolutionGuid = {9052D02F-5113-45B5-814F-8DC8DE933EA9}
	EndGlobalSection
EndGlobal
